{
  "version": 4,
  "terraform_version": "1.8.5",
  "serial": 3,
  "lineage": "7b8d7849-2f97-b376-7f2c-16638c3c6290",
  "outputs": {
    "bucket_url": {
      "value": "gs://my-prefix-project-5397f083-cbf4-4f3e-9b2",
      "type": "string"
    }
  },
  "resources": [
    {
      "mode": "data",
      "type": "google_service_account_access_token",
      "name": "default",
      "provider": "provider[\"registry.terraform.io/hashicorp/google\"]",
      "instances": [
        {
          "schema_version": 0,
          "attributes": {
            "access_token": "ya29.c.c0AZ4bNpasWgSyOGCsOhHKQn-7gn6-sffpMN7Cv1ic0y1QdT6p_i_FWlm2_oqVcmQYb-nM7Egyf6tMJMHlZS0ZEedcRLRd06XIJtQ0FDQKurmdoAqF0q6QnljWtRqUflNfFqZ--hST_RasVAp4eV75_NDxl9c95j3FS73hZkDztYtNhNRbf09eIl9epwO36OWcZrwwY92nHrwV_rGF165RbaMpHkMa-59Uo7XXScOUO5y_y0IzrHc8HB4vqzV4s4RiKeCTKbT3UIOIhjC5saTSrPd9M4emNWbQnAeLPj42YNehfDAgf0_Gjm7d32HexbquSgZX9DTWToXYXUkLdFm3F43G5Jmh7In45zYZwEPAr85L9PrObhCM0STbTcSd8PKP-NPTCz3iaQ5RjFzbDyqkPKO7FyhpN0CYkYpHJyQHdRTiVlKhwsWA3MJcnnm5h787AjjcsppQaIfBoaDUBTw-DrYMvT8rT1Qq7DOusprZY8Hg1Pz2bF_3-7lLpochPMVOM7keToanC1wOOQ34p-NrzMHXQ4odx3o4DfCr9eImlVFfY9SZEhee1Aonejj5wErE9wPD5QCOLyX1OILoX3AzngXZfithytaODupc7i8rSUqwutCDgDtX5wt3d_ctdPhkG-Cml80KcHDvj9R8J-nEj2nsk3ZB8l8H680AWcrO8nwnXrjBcofoyq6imufmpMmmM2QRJeW1a4zu15dciae5dlqotzff_R4n0hvVxzufbUi3U-vwBX_quFwjW-nZ4F2xB0JRs3t7UqQMwklkfV1BnWjw1_J9Rax5BmgS88R0Ffh0kMcx-8IJF6i5eJnccmdhnfJXOof861qm-jXucjk4ueqqUkl4Zg4WViavmev9bqdz0vJhxynO4nfjylhul_ZXScobc3vuVl7zl84BXYV3z7Q5_88mUFVWvxqr04JQybV_qmm75Ob1u6ugM5dhV9Myrnbasmn5c5tbOqcV6fRV995zRfjkWbI7-S9a19o23iB2k_XkwrOqaFn",
            "delegates": null,
            "id": "projects/-/serviceAccounts/terraform-runner@project-5397f083-cbf4-4f3e-9b2.iam.gserviceaccount.com",
            "lifetime": "3600s",
            "scopes": [
              "https://www.googleapis.com/auth/cloud-platform"
            ],
            "target_service_account": "terraform-runner@project-5397f083-cbf4-4f3e-9b2.iam.gserviceaccount.com"
          },
          "sensitive_attributes": [
            [
              {
                "type": "get_attr",
                "value": "access_token"
              }
            ]
          ]
        }
      ]
    },
    {
      "mode": "managed",
      "type": "google_storage_bucket",
      "name": "my_bucket",
      "provider": "provider[\"registry.terraform.io/hashicorp/google\"].impersonated",
      "instances": [
        {
          "schema_version": 4,
          "attributes": {
            "autoclass": [],
            "cors": [],
            "custom_placement_config": [],
            "default_event_based_hold": false,
            "effective_labels": {
              "goog-terraform-provisioned": "true"
            },
            "enable_object_retention": false,
            "encryption": [],
            "force_destroy": false,
            "hierarchical_namespace": [
              {
                "enabled": false
              }
            ],
            "id": "my-prefix-project-5397f083-cbf4-4f3e-9b2",
            "ip_filter": [],
            "labels": null,
            "lifecycle_rule": [],
            "location": "US-CENTRAL1",
            "logging": [],
            "name": "my-prefix-project-5397f083-cbf4-4f3e-9b2",
            "project": "project-5397f083-cbf4-4f3e-9b2",
            "project_number": 660425721824,
            "public_access_prevention": "inherited",
            "requester_pays": false,
            "retention_policy": [],
            "rpo": null,
            "self_link": "https://www.googleapis.com/storage/v1/b/my-prefix-project-5397f083-cbf4-4f3e-9b2",
            "soft_delete_policy": [
              {
                "effective_time": "2026-04-05T16:26:28.467Z",
                "retention_duration_seconds": 604800
              }
            ],
            "storage_class": "STANDARD",
            "terraform_labels": {
              "goog-terraform-provisioned": "true"
            },
            "time_created": "2026-04-05T16:26:28.467Z",
            "timeouts": null,
            "uniform_bucket_level_access": true,
            "updated": "2026-04-05T16:26:28.467Z",
            "url": "gs://my-prefix-project-5397f083-cbf4-4f3e-9b2",
            "versioning": [],
            "website": []
          },
          "sensitive_attributes": [],
          "private": "eyJlMmJmYjczMC1lY2FhLTExZTYtOGY4OC0zNDM2M2JjN2M0YzAiOnsiY3JlYXRlIjo2MDAwMDAwMDAwMDAsInJlYWQiOjI0MDAwMDAwMDAwMCwidXBkYXRlIjoyNDAwMDAwMDAwMDB9LCJzY2hlbWFfdmVyc2lvbiI6IjQifQ==",
          "dependencies": [
            "data.google_service_account_access_token.default"
          ]
        }
      ]
    }
  ],
  "check_results": null
}
